
Microsoft Visual Studio Solution File, Format Version 12.00
# Visual Studio Version 17
VisualStudioVersion = 17.3.32901.215
MinimumVisualStudioVersion = 10.0.40219.1
Project("{9A19103F-16F7-4668-BE54-9A1E7A4F7556}") = "01 Singleton.1.Lazy", "Singleton.1.Lazy\01 Singleton.1.Lazy.csproj", "{656BDA7F-D016-4256-B7CF-8FAEDA7580D1}"
EndProject
Project("{9A19103F-16F7-4668-BE54-9A1E7A4F7556}") = "02 Singleton.2.Eagerly", "Singleton.2.Eagerly\02 Singleton.2.Eagerly.csproj", "{6080EFE7-5064-4144-AB5B-9E86F28728CC}"
EndProject
Project("{9A19103F-16F7-4668-BE54-9A1E7A4F7556}") = "03 Adapter.1.Duck", "Adapter.1.Duck\03 Adapter.1.Duck.csproj", "{EBF369F2-3936-4052-8E56-D4AACB35DF5E}"
EndProject
Project("{FAE04EC0-301F-11D3-BF4B-00C04F79EFBC}") = "04 Adapter.GooseIsADuck", "04 Adapter.GooseIsADuck\04 Adapter.GooseIsADuck.csproj", "{B4B7CAEE-C45C-42DA-857B-73B61EB849FB}"
EndProject
Project("{FAE04EC0-301F-11D3-BF4B-00C04F79EFBC}") = "05 Strategy", "05 Strategy\05 Strategy.csproj", "{1E1DBA30-291E-435D-8701-1C64ED54556E}"
EndProject
Project("{FAE04EC0-301F-11D3-BF4B-00C04F79EFBC}") = "06 Factory Pattern", "06 Factory Pattern\06 Factory Pattern.csproj", "{E16AC10F-81A8-4627-9303-3269D487C66A}"
EndProject
Global
	GlobalSection(SolutionConfigurationPlatforms) = preSolution
		Debug|Any CPU = Debug|Any CPU
		Release|Any CPU = Release|Any CPU
	EndGlobalSection
	GlobalSection(ProjectConfigurationPlatforms) = postSolution
		{656BDA7F-D016-4256-B7CF-8FAEDA7580D1}.Debug|Any CPU.ActiveCfg = Debug|Any CPU
		{656BDA7F-D016-4256-B7CF-8FAEDA7580D1}.Debug|Any CPU.Build.0 = Debug|Any CPU
		{656BDA7F-D016-4256-B7CF-8FAEDA7580D1}.Release|Any CPU.ActiveCfg = Release|Any CPU
		{656BDA7F-D016-4256-B7CF-8FAEDA7580D1}.Release|Any CPU.Build.0 = Release|Any CPU
		{6080EFE7-5064-4144-AB5B-9E86F28728CC}.Debug|Any CPU.ActiveCfg = Debug|Any CPU
		{6080EFE7-5064-4144-AB5B-9E86F28728CC}.Debug|Any CPU.Build.0 = Debug|Any CPU
		{6080EFE7-5064-4144-AB5B-9E86F28728CC}.Release|Any CPU.ActiveCfg = Release|Any CPU
		{6080EFE7-5064-4144-AB5B-9E86F28728CC}.Release|Any CPU.Build.0 = Release|Any CPU
		{EBF369F2-3936-4052-8E56-D4AACB35DF5E}.Debug|Any CPU.ActiveCfg = Debug|Any CPU
		{EBF369F2-3936-4052-8E56-D4AACB35DF5E}.Debug|Any CPU.Build.0 = Debug|Any CPU
		{EBF369F2-3936-4052-8E56-D4AACB35DF5E}.Release|Any CPU.ActiveCfg = Release|Any CPU
		{EBF369F2-3936-4052-8E56-D4AACB35DF5E}.Release|Any CPU.Build.0 = Release|Any CPU
		{B4B7CAEE-C45C-42DA-857B-73B61EB849FB}.Debug|Any CPU.ActiveCfg = Debug|Any CPU
		{B4B7CAEE-C45C-42DA-857B-73B61EB849FB}.Debug|Any CPU.Build.0 = Debug|Any CPU
		{B4B7CAEE-C45C-42DA-857B-73B61EB849FB}.Release|Any CPU.ActiveCfg = Release|Any CPU
		{B4B7CAEE-C45C-42DA-857B-73B61EB849FB}.Release|Any CPU.Build.0 = Release|Any CPU
		{1E1DBA30-291E-435D-8701-1C64ED54556E}.Debug|Any CPU.ActiveCfg = Debug|Any CPU
		{1E1DBA30-291E-435D-8701-1C64ED54556E}.Debug|Any CPU.Build.0 = Debug|Any CPU
		{1E1DBA30-291E-435D-8701-1C64ED54556E}.Release|Any CPU.ActiveCfg = Release|Any CPU
		{1E1DBA30-291E-435D-8701-1C64ED54556E}.Release|Any CPU.Build.0 = Release|Any CPU
		{E16AC10F-81A8-4627-9303-3269D487C66A}.Debug|Any CPU.ActiveCfg = Debug|Any CPU
		{E16AC10F-81A8-4627-9303-3269D487C66A}.Debug|Any CPU.Build.0 = Debug|Any CPU
		{E16AC10F-81A8-4627-9303-3269D487C66A}.Release|Any CPU.ActiveCfg = Release|Any CPU
		{E16AC10F-81A8-4627-9303-3269D487C66A}.Release|Any CPU.Build.0 = Release|Any CPU
	EndGlobalSection
	GlobalSection(SolutionProperties) = preSolution
		HideSolutionNode = FALSE
	EndGlobalSection
	GlobalSection(ExtensibilityGlobals) = postSolution
		SolutionGuid = {EFD82A35-32DC-4C40-89E5-B2F19711E3C7}
	EndGlobalSection
EndGlobal
